Microsoft Visual Studio Solution File, Format Version 12.00
# Visual Studio Version 17
VisualStudioVersion = 17.5.2.0
MinimumVisualStudioVersion = 10.0.40219.1
Project("{FAE04EC0-301F-11D3-BF4B-00C04F79EFBC}") = "UlanziManagerUI", "UlanziManagerUI\UlanziManagerUI.csproj", "{B527C10B-A9C9-6296-8CF9-B9E9F47C7868}"
EndProject
Project("{FAE04EC0-301F-11D3-BF4B-00C04F79EFBC}") = "UlanziInstaller", "UlanziInstaller\UlanziInstaller.csproj", "{EC912B6C-4838-7AF6-366F-8DB189EEBABE}"
EndProject
Global
	GlobalSection(SolutionConfigurationPlatforms) = preSolution
		Debug|Any CPU = Debug|Any CPU
		Release|Any CPU = Release|Any CPU
	EndGlobalSection
	GlobalSection(ProjectConfigurationPlatforms) = postSolution
		{B527C10B-A9C9-6296-8CF9-B9E9F47C7868}.Debug|Any CPU.ActiveCfg = Debug|Any CPU
		{B527C10B-A9C9-6296-8CF9-B9E9F47C7868}.Debug|Any CPU.Build.0 = Debug|Any CPU
		{B527C10B-A9C9-6296-8CF9-B9E9F47C7868}.Release|Any CPU.ActiveCfg = Release|Any CPU
		{B527C10B-A9C9-6296-8CF9-B9E9F47C7868}.Release|Any CPU.Build.0 = Release|Any CPU
		{EC912B6C-4838-7AF6-366F-8DB189EEBABE}.Debug|Any CPU.ActiveCfg = Debug|Any CPU
		{EC912B6C-4838-7AF6-366F-8DB189EEBABE}.Debug|Any CPU.Build.0 = Debug|Any CPU
		{EC912B6C-4838-7AF6-366F-8DB189EEBABE}.Release|Any CPU.ActiveCfg = Release|Any CPU
		{EC912B6C-4838-7AF6-366F-8DB189EEBABE}.Release|Any CPU.Build.0 = Release|Any CPU
	EndGlobalSection
	GlobalSection(SolutionProperties) = preSolution
		HideSolutionNode = FALSE
	EndGlobalSection
	GlobalSection(ExtensibilityGlobals) = postSolution
		SolutionGuid = {88017D97-318E-4D50-AC6A-D913528141D6}
	EndGlobalSection
EndGlobal
